lockfileVersion: '9.0'

settings:
  autoInstallPeers: true
  excludeLinksFromLockfile: false

importers:

  .:
    dependencies:
      hono:
        specifier: ^4.9.8
        version: 4.9.8
    devDependencies:
      '@types/bun':
        specifier: latest
        version: 1.2.22(@types/react@19.1.13)

packages:

  '@types/bun@1.2.22':
    resolution: {integrity: sha512-5A/KrKos2ZcN0c6ljRSOa1fYIyCKhZfIVYeuyb4snnvomnpFqC0tTsEkdqNxbAgExV384OETQ//WAjl3XbYqQA==}

  '@types/node@24.5.2':
    resolution: {integrity: sha512-FYxk1I7wPv3K2XBaoyH2cTnocQEu8AOZ60hPbsyukMPLv5/5qr7V1i8PLHdl6Zf87I+xZXFvPCXYjiTFq+YSDQ==}

  '@types/react@19.1.13':
    resolution: {integrity: sha512-hHkbU/eoO3EG5/MZkuFSKmYqPbSVk5byPFa3e7y/8TybHiLMACgI8seVYlicwk7H5K/rI2px9xrQp/C+AUDTiQ==}

  bun-types@1.2.22:
    resolution: {integrity: sha512-hwaAu8tct/Zn6Zft4U9BsZcXkYomzpHJX28ofvx7k0Zz2HNz54n1n+tDgxoWFGB4PcFvJXJQloPhaV2eP3Q6EA==}
    peerDependencies:
      '@types/react': ^19

  csstype@3.1.3:
    resolution: {integrity: sha512-M1uQkMl8rQK/szD0LNhtqxIPLpimGm8sOBwU7lLnCpSbTyY3yeU1Vc7l4KT5zT4s/yOxHH5O7tIuuLOCnLADRw==}

  hono@4.9.8:
    resolution: {integrity: sha512-JW8Bb4RFWD9iOKxg5PbUarBYGM99IcxFl2FPBo2gSJO11jjUDqlP1Bmfyqt8Z/dGhIQ63PMA9LdcLefXyIasyg==}
    engines: {node: '>=16.9.0'}

  undici-types@7.12.0:
    resolution: {integrity: sha512-goOacqME2GYyOZZfb5Lgtu+1IDmAlAEu5xnD3+xTzS10hT0vzpf0SPjkXwAw9Jm+4n/mQGDP3LO8CPbYROeBfQ==}

snapshots:

  '@types/bun@1.2.22(@types/react@19.1.13)':
    dependencies:
      bun-types: 1.2.22(@types/react@19.1.13)
    transitivePeerDependencies:
      - '@types/react'

  '@types/node@24.5.2':
    dependencies:
      undici-types: 7.12.0

  '@types/react@19.1.13':
    dependencies:
      csstype: 3.1.3

  bun-types@1.2.22(@types/react@19.1.13):
    dependencies:
      '@types/node': 24.5.2
      '@types/react': 19.1.13

  csstype@3.1.3: {}

  hono@4.9.8: {}

  undici-types@7.12.0: {}
